
Microsoft Visual Studio Solution File, Format Version 12.00
# Visual Studio Version 17
VisualStudioVersion = 17.6.33815.320
MinimumVisualStudioVersion = 10.0.40219.1
Project("{FAE04EC0-301F-11D3-BF4B-00C04F79EFBC}") = "AddressBook", "AddressBook.csproj", "{49980986-090B-4AAA-A4B5-5F98011508A7}"
EndProject
Global
	GlobalSection(SolutionConfigurationPlatforms) = preSolution
		Debug|Any CPU = Debug|Any CPU
		Release|Any CPU = Release|Any CPU
	EndGlobalSection
	GlobalSection(ProjectConfigurationPlatforms) = postSolution
		{49980986-090B-4AAA-A4B5-5F98011508A7}.Debug|Any CPU.ActiveCfg = Debug|Any CPU
		{49980986-090B-4AAA-A4B5-5F98011508A7}.Debug|Any CPU.Build.0 = Debug|Any CPU
		{49980986-090B-4AAA-A4B5-5F98011508A7}.Release|Any CPU.ActiveCfg = Release|Any CPU
		{49980986-090B-4AAA-A4B5-5F98011508A7}.Release|Any CPU.Build.0 = Release|Any CPU
	EndGlobalSection
	GlobalSection(SolutionProperties) = preSolution
		HideSolutionNode = FALSE
	EndGlobalSection
	GlobalSection(ExtensibilityGlobals) = postSolution
		SolutionGuid = {388C7224-B5A7-482E-9E09-E0FC7617DDF1}
	EndGlobalSection
EndGlobal
